
Microsoft Visual Studio Solution File, Format Version 12.00
# Visual Studio Version 17
VisualStudioVersion = 17.11.35327.3
MinimumVisualStudioVersion = 10.0.40219.1
Project("{9A19103F-16F7-4668-BE54-9A1E7A4F7556}") = "RecipeParser", "RecipeParser\RecipeParser.csproj", "{615DFF1F-BD68-4111-B0BC-38AF04D0BA12}"
EndProject
Project("{9A19103F-16F7-4668-BE54-9A1E7A4F7556}") = "RecipeParser.Desktop", "RecipeParser.Desktop\RecipeParser.Desktop.csproj", "{1652F0CD-0728-4951-B76C-E1A3ABE52472}"
EndProject
Project("{2150E333-8FDC-42A3-9474-1A3956D46DE8}") = "Solution Items", "Solution Items", "{F61D81AF-E02E-463D-9767-8E34821E3E4C}"
	ProjectSection(SolutionItems) = preProject
		Overview.txt = Overview.txt
	EndProjectSection
EndProject
Global
	GlobalSection(SolutionConfigurationPlatforms) = preSolution
		Debug|Any CPU = Debug|Any CPU
		Release|Any CPU = Release|Any CPU
	EndGlobalSection
	GlobalSection(ProjectConfigurationPlatforms) = postSolution
		{615DFF1F-BD68-4111-B0BC-38AF04D0BA12}.Debug|Any CPU.ActiveCfg = Debug|Any CPU
		{615DFF1F-BD68-4111-B0BC-38AF04D0BA12}.Debug|Any CPU.Build.0 = Debug|Any CPU
		{615DFF1F-BD68-4111-B0BC-38AF04D0BA12}.Release|Any CPU.ActiveCfg = Release|Any CPU
		{615DFF1F-BD68-4111-B0BC-38AF04D0BA12}.Release|Any CPU.Build.0 = Release|Any CPU
		{1652F0CD-0728-4951-B76C-E1A3ABE52472}.Debug|Any CPU.ActiveCfg = Debug|Any CPU
		{1652F0CD-0728-4951-B76C-E1A3ABE52472}.Debug|Any CPU.Build.0 = Debug|Any CPU
		{1652F0CD-0728-4951-B76C-E1A3ABE52472}.Release|Any CPU.ActiveCfg = Release|Any CPU
		{1652F0CD-0728-4951-B76C-E1A3ABE52472}.Release|Any CPU.Build.0 = Release|Any CPU
	EndGlobalSection
	GlobalSection(SolutionProperties) = preSolution
		HideSolutionNode = FALSE
	EndGlobalSection
	GlobalSection(ExtensibilityGlobals) = postSolution
		SolutionGuid = {B2B9C0F1-BEEB-4A23-8223-F9F6C247F3FF}
	EndGlobalSection
EndGlobal
